
Microsoft Visual Studio Solution File, Format Version 12.00
# Visual Studio Version 17
VisualStudioVersion = 17.12.35506.116 d17.12
MinimumVisualStudioVersion = 10.0.40219.1
Project("{FAE04EC0-301F-11D3-BF4B-00C04F79EFBC}") = "SISTEMA_DEFENSA_API", "SISTEMA_DEFENSA_API\SISTEMA_DEFENSA_API.csproj", "{CE7913BF-3EEC-43C5-A4A7-9C1D12DB078C}"
EndProject
Project("{FAE04EC0-301F-11D3-BF4B-00C04F79EFBC}") = "SISTEMA_DEFENSA_API.BL", "SISTEMA_DEFENSA_API.BL\SISTEMA_DEFENSA_API.BL.csproj", "{67CDD45C-001A-45D9-841A-2F315ED90A27}"
EndProject
Project("{FAE04EC0-301F-11D3-BF4B-00C04F79EFBC}") = "SISTEMA_DEFENSA_API.EL", "SISTEMA_DEFENSA_API.EL\SISTEMA_DEFENSA_API.EL.csproj", "{C90E0FF7-0702-4C4A-B76C-DFF178B6A747}"
EndProject
Project("{FAE04EC0-301F-11D3-BF4B-00C04F79EFBC}") = "SISTEMA_DEFENSA_API.SQ", "SISTEMA_DEFENSA_API.SQ\SISTEMA_DEFENSA_API.SQ.csproj", "{8AD7A020-007C-450A-ACE8-A74A133FB065}"
EndProject
Global
	GlobalSection(SolutionConfigurationPlatforms) = preSolution
		Debug|Any CPU = Debug|Any CPU
		Release|Any CPU = Release|Any CPU
	EndGlobalSection
	GlobalSection(ProjectConfigurationPlatforms) = postSolution
		{CE7913BF-3EEC-43C5-A4A7-9C1D12DB078C}.Debug|Any CPU.ActiveCfg = Debug|Any CPU
		{CE7913BF-3EEC-43C5-A4A7-9C1D12DB078C}.Debug|Any CPU.Build.0 = Debug|Any CPU
		{CE7913BF-3EEC-43C5-A4A7-9C1D12DB078C}.Release|Any CPU.ActiveCfg = Release|Any CPU
		{CE7913BF-3EEC-43C5-A4A7-9C1D12DB078C}.Release|Any CPU.Build.0 = Release|Any CPU
		{67CDD45C-001A-45D9-841A-2F315ED90A27}.Debug|Any CPU.ActiveCfg = Debug|Any CPU
		{67CDD45C-001A-45D9-841A-2F315ED90A27}.Debug|Any CPU.Build.0 = Debug|Any CPU
		{67CDD45C-001A-45D9-841A-2F315ED90A27}.Release|Any CPU.ActiveCfg = Release|Any CPU
		{67CDD45C-001A-45D9-841A-2F315ED90A27}.Release|Any CPU.Build.0 = Release|Any CPU
		{C90E0FF7-0702-4C4A-B76C-DFF178B6A747}.Debug|Any CPU.ActiveCfg = Debug|Any CPU
		{C90E0FF7-0702-4C4A-B76C-DFF178B6A747}.Debug|Any CPU.Build.0 = Debug|Any CPU
		{C90E0FF7-0702-4C4A-B76C-DFF178B6A747}.Release|Any CPU.ActiveCfg = Release|Any CPU
		{C90E0FF7-0702-4C4A-B76C-DFF178B6A747}.Release|Any CPU.Build.0 = Release|Any CPU
		{8AD7A020-007C-450A-ACE8-A74A133FB065}.Debug|Any CPU.ActiveCfg = Debug|Any CPU
		{8AD7A020-007C-450A-ACE8-A74A133FB065}.Debug|Any CPU.Build.0 = Debug|Any CPU
		{8AD7A020-007C-450A-ACE8-A74A133FB065}.Release|Any CPU.ActiveCfg = Release|Any CPU
		{8AD7A020-007C-450A-ACE8-A74A133FB065}.Release|Any CPU.Build.0 = Release|Any CPU
	EndGlobalSection
	GlobalSection(SolutionProperties) = preSolution
		HideSolutionNode = FALSE
	EndGlobalSection
EndGlobal
